Microsoft Visual Studio Solution File, Format Version 12.00
# Visual Studio Version 17
VisualStudioVersion = 17.5.2.0
MinimumVisualStudioVersion = 10.0.40219.1
Project("{FAE04EC0-301F-11D3-BF4B-00C04F79EFBC}") = "Trulioo.MCPServerForKYB", "Trulioo.MCPServerForKYB\Trulioo.MCPServerForKYB.csproj", "{C3A139B9-4BCB-8A22-3E2D-1DF0D7EE5F03}"
EndProject
Global
	GlobalSection(SolutionConfigurationPlatforms) = preSolution
		Debug|Any CPU = Debug|Any CPU
		Release|Any CPU = Release|Any CPU
	EndGlobalSection
	GlobalSection(ProjectConfigurationPlatforms) = postSolution
		{C3A139B9-4BCB-8A22-3E2D-1DF0D7EE5F03}.Debug|Any CPU.ActiveCfg = Debug|Any CPU
		{C3A139B9-4BCB-8A22-3E2D-1DF0D7EE5F03}.Debug|Any CPU.Build.0 = Debug|Any CPU
		{C3A139B9-4BCB-8A22-3E2D-1DF0D7EE5F03}.Release|Any CPU.ActiveCfg = Release|Any CPU
		{C3A139B9-4BCB-8A22-3E2D-1DF0D7EE5F03}.Release|Any CPU.Build.0 = Release|Any CPU
	EndGlobalSection
	GlobalSection(SolutionProperties) = preSolution
		HideSolutionNode = FALSE
	EndGlobalSection
	GlobalSection(ExtensibilityGlobals) = postSolution
		SolutionGuid = {0693DDBC-9FB8-4004-AEB8-49614AB86BE8}
	EndGlobalSection
EndGlobal
